PODS:
  - Log (1.0)
  - RGPageViewController (1.0.0)
  - RxCocoa (4.1.2):
    - RxSwift (~> 4.0)
  - RxSwift (4.1.2)

DEPENDENCIES:
  - Log
  - RGPageViewController
  - RxCocoa (~> 4.0)
  - RxSwift (~> 4.0)

SPEC CHECKSUMS:
  Log: 5e368c9528db07517d18d2d04ff5fe2b6f5a1e21
  RGPageViewController: bdbcd3a380407f7c1cd49bead33cc188a3787c97
  RxCocoa: d88ba0f1f6abf040011a9eb4b539324fc426843a
  RxSwift: e49536837d9901277638493ea537394d4b55f570

PODFILE CHECKSUM: e62ed6173c648f2903fa9a0868e35d34dbe88c1b

COCOAPODS: 1.4.0
